
Microsoft Visual Studio Solution File, Format Version 12.00
# Visual Studio 15
VisualStudioVersion = 15.0.26403.7
MinimumVisualStudioVersion = 10.0.40219.1
Project("{2150E333-8FDC-42A3-9474-1A3956D46DE8}") = "src", "src", "{D0E93934-F784-4739-8988-6066EBBCA215}"
EndProject
Project("{2150E333-8FDC-42A3-9474-1A3956D46DE8}") = "tests", "tests", "{8B89BC78-22CF-4D25-AC8C-805AE389BF6E}"
EndProject
Project("{9A19103F-16F7-4668-BE54-9A1E7A4F7556}") = "Carver", "src\Carver\Carver.csproj", "{E488D71C-1934-4CE2-BC0A-22DADD7A6CFA}"
EndProject
Project("{9A19103F-16F7-4668-BE54-9A1E7A4F7556}") = "CarverTests", "tests\CarverTests\CarverTests.csproj", "{888F1ADD-E85C-4CDE-907E-B9CBCCA841FB}"
EndProject
Global
	GlobalSection(SolutionConfigurationPlatforms) = preSolution
		Debug|Any CPU = Debug|Any CPU
		Release|Any CPU = Release|Any CPU
	EndGlobalSection
	GlobalSection(ProjectConfigurationPlatforms) = postSolution
		{E488D71C-1934-4CE2-BC0A-22DADD7A6CFA}.Debug|Any CPU.ActiveCfg = Debug|Any CPU
		{E488D71C-1934-4CE2-BC0A-22DADD7A6CFA}.Debug|Any CPU.Build.0 = Debug|Any CPU
		{E488D71C-1934-4CE2-BC0A-22DADD7A6CFA}.Release|Any CPU.ActiveCfg = Release|Any CPU
		{E488D71C-1934-4CE2-BC0A-22DADD7A6CFA}.Release|Any CPU.Build.0 = Release|Any CPU
		{888F1ADD-E85C-4CDE-907E-B9CBCCA841FB}.Debug|Any CPU.ActiveCfg = Debug|Any CPU
		{888F1ADD-E85C-4CDE-907E-B9CBCCA841FB}.Debug|Any CPU.Build.0 = Debug|Any CPU
		{888F1ADD-E85C-4CDE-907E-B9CBCCA841FB}.Release|Any CPU.ActiveCfg = Release|Any CPU
		{888F1ADD-E85C-4CDE-907E-B9CBCCA841FB}.Release|Any CPU.Build.0 = Release|Any CPU
	EndGlobalSection
	GlobalSection(SolutionProperties) = preSolution
		HideSolutionNode = FALSE
	EndGlobalSection
	GlobalSection(NestedProjects) = preSolution
		{E488D71C-1934-4CE2-BC0A-22DADD7A6CFA} = {D0E93934-F784-4739-8988-6066EBBCA215}
		{888F1ADD-E85C-4CDE-907E-B9CBCCA841FB} = {8B89BC78-22CF-4D25-AC8C-805AE389BF6E}
	EndGlobalSection
EndGlobal
